Microsoft Visual Studio Solution File, Format Version 11.00
# Visual Studio 2008

Project("{C19B9AFC-D46C-6C11-3CB4-046291FD7A44}") = "Se330-Homework", "Assembly-CSharp-firstpass.csproj", "{449B3E3E-79E9-95F2-E9ED-15CD61EBA0B6}"
EndProject
Project("{C19B9AFC-D46C-6C11-3CB4-046291FD7A44}") = "Se330-Homework", "Assembly-CSharp.csproj", "{9BCDA1DF-0239-7031-C6FF-9BD665978B0C}"
EndProject
Project("{C19B9AFC-D46C-6C11-3CB4-046291FD7A44}") = "Se330-Homework", "Assembly-CSharp-Editor.csproj", "{96A71D79-EF52-7068-7423-CE0AEDAFC9C9}"
EndProject
Global
	GlobalSection(SolutionConfigurationPlatforms) = preSolution
		Debug|Any CPU = Debug|Any CPU
		Release|Any CPU = Release|Any CPU
	EndGlobalSection
	GlobalSection(ProjectConfigurationPlatforms) = postSolution
		{449B3E3E-79E9-95F2-E9ED-15CD61EBA0B6}.Debug|Any CPU.ActiveCfg = Debug|Any CPU
		{449B3E3E-79E9-95F2-E9ED-15CD61EBA0B6}.Debug|Any CPU.Build.0 = Debug|Any CPU
		{449B3E3E-79E9-95F2-E9ED-15CD61EBA0B6}.Release|Any CPU.ActiveCfg = Release|Any CPU
		{449B3E3E-79E9-95F2-E9ED-15CD61EBA0B6}.Release|Any CPU.Build.0 = Release|Any CPU
		{9BCDA1DF-0239-7031-C6FF-9BD665978B0C}.Debug|Any CPU.ActiveCfg = Debug|Any CPU
		{9BCDA1DF-0239-7031-C6FF-9BD665978B0C}.Debug|Any CPU.Build.0 = Debug|Any CPU
		{9BCDA1DF-0239-7031-C6FF-9BD665978B0C}.Release|Any CPU.ActiveCfg = Release|Any CPU
		{9BCDA1DF-0239-7031-C6FF-9BD665978B0C}.Release|Any CPU.Build.0 = Release|Any CPU
		{96A71D79-EF52-7068-7423-CE0AEDAFC9C9}.Debug|Any CPU.ActiveCfg = Debug|Any CPU
		{96A71D79-EF52-7068-7423-CE0AEDAFC9C9}.Debug|Any CPU.Build.0 = Debug|Any CPU
		{96A71D79-EF52-7068-7423-CE0AEDAFC9C9}.Release|Any CPU.ActiveCfg = Release|Any CPU
		{96A71D79-EF52-7068-7423-CE0AEDAFC9C9}.Release|Any CPU.Build.0 = Release|Any CPU
	EndGlobalSection
	GlobalSection(SolutionProperties) = preSolution
		HideSolutionNode = FALSE
	EndGlobalSection
						GlobalSection(MonoDevelopProperties) = preSolution
		StartupItem = Assembly-CSharp.csproj
		Policies = $0
		$0.TextStylePolicy = $1
		$1.inheritsSet = null
		$1.scope = text/x-csharp
		$0.CSharpFormattingPolicy = $2
		$2.inheritsSet = Mono
		$2.inheritsScope = text/x-csharp
		$2.scope = text/x-csharp
		$0.TextStylePolicy = $3
		$3.FileWidth = 120
		$3.TabWidth = 4
		$3.IndentWidth = 4
		$3.EolMarker = Unix
		$3.inheritsSet = Mono
		$3.inheritsScope = text/plain
		$3.scope = text/plain
	EndGlobalSection

EndGlobal
