Microsoft Visual Studio Solution File, Format Version 11.00
# Visual Studio 2008

Project("{CDFD7B81-EF40-F05F-2D21-EE9285DB419E}") = "SuDice", "Assembly-CSharp.csproj", "{5B08B9F8-03EF-2251-534E-2F1FC09BBBA8}"
EndProject
Project("{CDFD7B81-EF40-F05F-2D21-EE9285DB419E}") = "SuDice", "Assembly-CSharp-Editor.csproj", "{62233271-FA67-58D0-29ED-2DAB507023A2}"
EndProject
Global
	GlobalSection(SolutionConfigurationPlatforms) = preSolution
		Debug|Any CPU = Debug|Any CPU
		Release|Any CPU = Release|Any CPU
	EndGlobalSection
	GlobalSection(ProjectConfigurationPlatforms) = postSolution
		{5B08B9F8-03EF-2251-534E-2F1FC09BBBA8}.Debug|Any CPU.ActiveCfg = Debug|Any CPU
		{5B08B9F8-03EF-2251-534E-2F1FC09BBBA8}.Debug|Any CPU.Build.0 = Debug|Any CPU
		{5B08B9F8-03EF-2251-534E-2F1FC09BBBA8}.Release|Any CPU.ActiveCfg = Release|Any CPU
		{5B08B9F8-03EF-2251-534E-2F1FC09BBBA8}.Release|Any CPU.Build.0 = Release|Any CPU
		{62233271-FA67-58D0-29ED-2DAB507023A2}.Debug|Any CPU.ActiveCfg = Debug|Any CPU
		{62233271-FA67-58D0-29ED-2DAB507023A2}.Debug|Any CPU.Build.0 = Debug|Any CPU
		{62233271-FA67-58D0-29ED-2DAB507023A2}.Release|Any CPU.ActiveCfg = Release|Any CPU
		{62233271-FA67-58D0-29ED-2DAB507023A2}.Release|Any CPU.Build.0 = Release|Any CPU
	EndGlobalSection
	GlobalSection(SolutionProperties) = preSolution
		HideSolutionNode = FALSE
	EndGlobalSection
																																																																																																																																															GlobalSection(MonoDevelopProperties) = preSolution
		StartupItem = Assembly-CSharp.csproj
		Policies = $0
		$0.TextStylePolicy = $1
		$1.inheritsSet = null
		$1.scope = text/x-csharp
		$0.CSharpFormattingPolicy = $2
		$2.inheritsSet = Mono
		$2.inheritsScope = text/x-csharp
		$2.scope = text/x-csharp
		$0.TextStylePolicy = $3
		$3.FileWidth = 120
		$3.TabWidth = 4
		$3.IndentWidth = 4
		$3.EolMarker = Unix
		$3.inheritsSet = Mono
		$3.inheritsScope = text/plain
		$3.scope = text/plain
	EndGlobalSection

EndGlobal
